
Microsoft Visual Studio Solution File, Format Version 12.00
# Visual Studio 2017
Project("{FAE04EC0-301F-11D3-BF4B-00C04F79EFBC}") = "tunpaa", "tunpaa.csproj", "{C2B3C061-8AC6-D141-1303-0B911475A3FA}"
EndProject
Project("{FAE04EC0-301F-11D3-BF4B-00C04F79EFBC}") = "tunpaa.Editor", "tunpaa.Editor.csproj", "{1D8DCBC3-15E4-FDC0-ADE6-2157B03A4EB3}"
EndProject
Global
	GlobalSection(SolutionConfigurationPlatforms) = preSolution
		Debug|Any CPU = Debug|Any CPU
		Release|Any CPU = Release|Any CPU
	EndGlobalSection
	GlobalSection(ProjectConfigurationPlatforms) = postSolution
		{C2B3C061-8AC6-D141-1303-0B911475A3FA}.Debug|Any CPU.ActiveCfg = Debug|Any CPU
		{C2B3C061-8AC6-D141-1303-0B911475A3FA}.Debug|Any CPU.Build.0 = Debug|Any CPU
		{C2B3C061-8AC6-D141-1303-0B911475A3FA}.Release|Any CPU.ActiveCfg = Release|Any CPU
		{C2B3C061-8AC6-D141-1303-0B911475A3FA}.Release|Any CPU.Build.0 = Release|Any CPU
		{1D8DCBC3-15E4-FDC0-ADE6-2157B03A4EB3}.Debug|Any CPU.ActiveCfg = Debug|Any CPU
		{1D8DCBC3-15E4-FDC0-ADE6-2157B03A4EB3}.Debug|Any CPU.Build.0 = Debug|Any CPU
		{1D8DCBC3-15E4-FDC0-ADE6-2157B03A4EB3}.Release|Any CPU.ActiveCfg = Release|Any CPU
		{1D8DCBC3-15E4-FDC0-ADE6-2157B03A4EB3}.Release|Any CPU.Build.0 = Release|Any CPU
	EndGlobalSection
	GlobalSection(SolutionProperties) = preSolution
		HideSolutionNode = FALSE
	EndGlobalSection
EndGlobal
